
Microsoft Visual Studio Solution File, Format Version 12.00
# Visual Studio 14
VisualStudioVersion = 14.0.23107.0
MinimumVisualStudioVersion = 10.0.40219.1
Project("{FAE04EC0-301F-11D3-BF4B-00C04F79EFBC}") = "Matrix_Application", "Matrix_Application\Matrix_Application.csproj", "{09412239-6B21-4B0D-9508-39491708D47B}"
EndProject
Project("{FAE04EC0-301F-11D3-BF4B-00C04F79EFBC}") = "MatrixTest", "MatrixTest\MatrixTest.csproj", "{C7264BB0-C946-43C4-92BF-51471B40765E}"
EndProject
Global
	GlobalSection(SolutionConfigurationPlatforms) = preSolution
		Debug|Any CPU = Debug|Any CPU
		Release|Any CPU = Release|Any CPU
	EndGlobalSection
	GlobalSection(ProjectConfigurationPlatforms) = postSolution
		{09412239-6B21-4B0D-9508-39491708D47B}.Debug|Any CPU.ActiveCfg = Debug|Any CPU
		{09412239-6B21-4B0D-9508-39491708D47B}.Debug|Any CPU.Build.0 = Debug|Any CPU
		{09412239-6B21-4B0D-9508-39491708D47B}.Release|Any CPU.ActiveCfg = Release|Any CPU
		{09412239-6B21-4B0D-9508-39491708D47B}.Release|Any CPU.Build.0 = Release|Any CPU
		{C7264BB0-C946-43C4-92BF-51471B40765E}.Debug|Any CPU.ActiveCfg = Debug|Any CPU
		{C7264BB0-C946-43C4-92BF-51471B40765E}.Debug|Any CPU.Build.0 = Debug|Any CPU
		{C7264BB0-C946-43C4-92BF-51471B40765E}.Release|Any CPU.ActiveCfg = Release|Any CPU
		{C7264BB0-C946-43C4-92BF-51471B40765E}.Release|Any CPU.Build.0 = Release|Any CPU
	EndGlobalSection
	GlobalSection(SolutionProperties) = preSolution
		HideSolutionNode = FALSE
	EndGlobalSection
EndGlobal
